
Microsoft Visual Studio Solution File, Format Version 12.00
# Visual Studio Version 17
VisualStudioVersion = 17.3.32901.215
MinimumVisualStudioVersion = 10.0.40219.1
Project("{FAE04EC0-301F-11D3-BF4B-00C04F79EFBC}") = "Week1st", "Week1st\Week1st.csproj", "{43F717DB-CF25-4510-BE72-15EAAFB852F0}"
EndProject
Global
	GlobalSection(SolutionConfigurationPlatforms) = preSolution
		Debug|Any CPU = Debug|Any CPU
		Release|Any CPU = Release|Any CPU
	EndGlobalSection
	GlobalSection(ProjectConfigurationPlatforms) = postSolution
		{43F717DB-CF25-4510-BE72-15EAAFB852F0}.Debug|Any CPU.ActiveCfg = Debug|Any CPU
		{43F717DB-CF25-4510-BE72-15EAAFB852F0}.Debug|Any CPU.Build.0 = Debug|Any CPU
		{43F717DB-CF25-4510-BE72-15EAAFB852F0}.Release|Any CPU.ActiveCfg = Release|Any CPU
		{43F717DB-CF25-4510-BE72-15EAAFB852F0}.Release|Any CPU.Build.0 = Release|Any CPU
	EndGlobalSection
	GlobalSection(SolutionProperties) = preSolution
		HideSolutionNode = FALSE
	EndGlobalSection
	GlobalSection(ExtensibilityGlobals) = postSolution
		SolutionGuid = {F82E3173-50FA-4A24-B2DC-ECAE113F56BF}
	EndGlobalSection
EndGlobal
